
Microsoft Visual Studio Solution File, Format Version 12.00
Project("{FAE04EC0-301F-11D3-BF4B-00C04F79EFBC}") = "Domain", "Domain\Domain.csproj", "{531FFA18-5A2F-4803-B766-38D198D05EC1}"
EndProject
Project("{FAE04EC0-301F-11D3-BF4B-00C04F79EFBC}") = "Application", "Application\Application.csproj", "{9B68389A-B12D-48FE-B247-CC16E997521A}"
EndProject
Project("{FAE04EC0-301F-11D3-BF4B-00C04F79EFBC}") = "Infrastructure", "Infrastructure\Infrastructure.csproj", "{4DC1CAF5-7E53-4DEB-815D-A13A87E68ED4}"
EndProject
Project("{FAE04EC0-301F-11D3-BF4B-00C04F79EFBC}") = "WebApi", "WebApi\WebApi.csproj", "{CC518AAD-5383-4879-8BB6-6704797E6972}"
EndProject
Global
	GlobalSection(SolutionConfigurationPlatforms) = preSolution
		Debug|Any CPU = Debug|Any CPU
		Release|Any CPU = Release|Any CPU
	EndGlobalSection
	GlobalSection(ProjectConfigurationPlatforms) = postSolution
		{531FFA18-5A2F-4803-B766-38D198D05EC1}.Debug|Any CPU.ActiveCfg = Debug|Any CPU
		{531FFA18-5A2F-4803-B766-38D198D05EC1}.Debug|Any CPU.Build.0 = Debug|Any CPU
		{531FFA18-5A2F-4803-B766-38D198D05EC1}.Release|Any CPU.ActiveCfg = Release|Any CPU
		{531FFA18-5A2F-4803-B766-38D198D05EC1}.Release|Any CPU.Build.0 = Release|Any CPU
		{9B68389A-B12D-48FE-B247-CC16E997521A}.Debug|Any CPU.ActiveCfg = Debug|Any CPU
		{9B68389A-B12D-48FE-B247-CC16E997521A}.Debug|Any CPU.Build.0 = Debug|Any CPU
		{9B68389A-B12D-48FE-B247-CC16E997521A}.Release|Any CPU.ActiveCfg = Release|Any CPU
		{9B68389A-B12D-48FE-B247-CC16E997521A}.Release|Any CPU.Build.0 = Release|Any CPU
		{4DC1CAF5-7E53-4DEB-815D-A13A87E68ED4}.Debug|Any CPU.ActiveCfg = Debug|Any CPU
		{4DC1CAF5-7E53-4DEB-815D-A13A87E68ED4}.Debug|Any CPU.Build.0 = Debug|Any CPU
		{4DC1CAF5-7E53-4DEB-815D-A13A87E68ED4}.Release|Any CPU.ActiveCfg = Release|Any CPU
		{4DC1CAF5-7E53-4DEB-815D-A13A87E68ED4}.Release|Any CPU.Build.0 = Release|Any CPU
		{CC518AAD-5383-4879-8BB6-6704797E6972}.Debug|Any CPU.ActiveCfg = Debug|Any CPU
		{CC518AAD-5383-4879-8BB6-6704797E6972}.Debug|Any CPU.Build.0 = Debug|Any CPU
		{CC518AAD-5383-4879-8BB6-6704797E6972}.Release|Any CPU.ActiveCfg = Release|Any CPU
		{CC518AAD-5383-4879-8BB6-6704797E6972}.Release|Any CPU.Build.0 = Release|Any CPU
	EndGlobalSection
EndGlobal
